
Microsoft Visual Studio Solution File, Format Version 12.00
Project("{FAE04EC0-301F-11D3-BF4B-00C04F79EFBC}") = "POI.DiscordDotNet", "source\POI.DiscordDotNet\POI.DiscordDotNet.csproj", "{A1496200-88C5-463B-979F-A4703FB3327F}"
EndProject
Project("{FAE04EC0-301F-11D3-BF4B-00C04F79EFBC}") = "POI.ThirdParty.Core", "source\POI.ThirdParty.Core\POI.ThirdParty.Core.csproj", "{76EFEFFE-C892-4E1C-A232-25EBF41738AA}"
EndProject
Project("{FAE04EC0-301F-11D3-BF4B-00C04F79EFBC}") = "POI.ThirdParty.ScoreSaber", "source\POI.ThirdParty.ScoreSaber\POI.ThirdParty.ScoreSaber.csproj", "{AB442925-7799-440C-811A-DEE65599DAA2}"
EndProject
Project("{FAE04EC0-301F-11D3-BF4B-00C04F79EFBC}") = "POI.ThirdParty.BeatSavior", "source\POI.ThirdParty.BeatSavior\POI.ThirdParty.BeatSavior.csproj", "{01A1A98D-4657-4068-9715-7EDD1804BFDF}"
EndProject
Project("{FAE04EC0-301F-11D3-BF4B-00C04F79EFBC}") = "POI.ThirdParty.BeatSaver", "source\POI.ThirdParty.BeatSaver\POI.ThirdParty.BeatSaver.csproj", "{E0FC4894-9376-446E-901C-4D8A225A26BA}"
EndProject
Project("{FAE04EC0-301F-11D3-BF4B-00C04F79EFBC}") = "POI.Persistence.Domain", "source\POI.Persistence.Domain\POI.Persistence.Domain.csproj", "{C25DE066-96B0-4494-88DA-578CAA9EF26B}"
EndProject
Project("{FAE04EC0-301F-11D3-BF4B-00C04F79EFBC}") = "POI.Persistence", "source\POI.Persistence\POI.Persistence.csproj", "{5B67861B-527C-432E-BE6B-249C9AE5238E}"
EndProject
Project("{FAE04EC0-301F-11D3-BF4B-00C04F79EFBC}") = "POI.Persistence.EFCore.Npgsql", "source\POI.Persistence.EFCore.Npgsql\POI.Persistence.EFCore.Npgsql.csproj", "{D1AD714E-416E-4993-9380-49F9F4FD81F9}"
EndProject
Project("{FAE04EC0-301F-11D3-BF4B-00C04F79EFBC}") = "POI.ThirdParty.BeatLeader", "POI.ThirdParty.BeatLeader\POI.ThirdParty.BeatLeader.csproj", "{070B2427-BCA9-4F87-9E0C-6D3927E89BDF}"
EndProject
Global
	GlobalSection(SolutionConfigurationPlatforms) = preSolution
		Debug|Any CPU = Debug|Any CPU
		Release|Any CPU = Release|Any CPU
	EndGlobalSection
	GlobalSection(ProjectConfigurationPlatforms) = postSolution
		{A1496200-88C5-463B-979F-A4703FB3327F}.Debug|Any CPU.ActiveCfg = Debug|Any CPU
		{A1496200-88C5-463B-979F-A4703FB3327F}.Debug|Any CPU.Build.0 = Debug|Any CPU
		{A1496200-88C5-463B-979F-A4703FB3327F}.Release|Any CPU.ActiveCfg = Release|Any CPU
		{A1496200-88C5-463B-979F-A4703FB3327F}.Release|Any CPU.Build.0 = Release|Any CPU
		{76EFEFFE-C892-4E1C-A232-25EBF41738AA}.Debug|Any CPU.ActiveCfg = Debug|Any CPU
		{76EFEFFE-C892-4E1C-A232-25EBF41738AA}.Debug|Any CPU.Build.0 = Debug|Any CPU
		{76EFEFFE-C892-4E1C-A232-25EBF41738AA}.Release|Any CPU.ActiveCfg = Release|Any CPU
		{76EFEFFE-C892-4E1C-A232-25EBF41738AA}.Release|Any CPU.Build.0 = Release|Any CPU
		{AB442925-7799-440C-811A-DEE65599DAA2}.Debug|Any CPU.ActiveCfg = Debug|Any CPU
		{AB442925-7799-440C-811A-DEE65599DAA2}.Debug|Any CPU.Build.0 = Debug|Any CPU
		{AB442925-7799-440C-811A-DEE65599DAA2}.Release|Any CPU.ActiveCfg = Release|Any CPU
		{AB442925-7799-440C-811A-DEE65599DAA2}.Release|Any CPU.Build.0 = Release|Any CPU
		{01A1A98D-4657-4068-9715-7EDD1804BFDF}.Debug|Any CPU.ActiveCfg = Debug|Any CPU
		{01A1A98D-4657-4068-9715-7EDD1804BFDF}.Debug|Any CPU.Build.0 = Debug|Any CPU
		{01A1A98D-4657-4068-9715-7EDD1804BFDF}.Release|Any CPU.ActiveCfg = Release|Any CPU
		{01A1A98D-4657-4068-9715-7EDD1804BFDF}.Release|Any CPU.Build.0 = Release|Any CPU
		{E0FC4894-9376-446E-901C-4D8A225A26BA}.Debug|Any CPU.ActiveCfg = Debug|Any CPU
		{E0FC4894-9376-446E-901C-4D8A225A26BA}.Debug|Any CPU.Build.0 = Debug|Any CPU
		{E0FC4894-9376-446E-901C-4D8A225A26BA}.Release|Any CPU.ActiveCfg = Release|Any CPU
		{E0FC4894-9376-446E-901C-4D8A225A26BA}.Release|Any CPU.Build.0 = Release|Any CPU
		{C25DE066-96B0-4494-88DA-578CAA9EF26B}.Debug|Any CPU.ActiveCfg = Debug|Any CPU
		{C25DE066-96B0-4494-88DA-578CAA9EF26B}.Debug|Any CPU.Build.0 = Debug|Any CPU
		{C25DE066-96B0-4494-88DA-578CAA9EF26B}.Release|Any CPU.ActiveCfg = Release|Any CPU
		{C25DE066-96B0-4494-88DA-578CAA9EF26B}.Release|Any CPU.Build.0 = Release|Any CPU
		{5B67861B-527C-432E-BE6B-249C9AE5238E}.Debug|Any CPU.ActiveCfg = Debug|Any CPU
		{5B67861B-527C-432E-BE6B-249C9AE5238E}.Debug|Any CPU.Build.0 = Debug|Any CPU
		{5B67861B-527C-432E-BE6B-249C9AE5238E}.Release|Any CPU.ActiveCfg = Release|Any CPU
		{5B67861B-527C-432E-BE6B-249C9AE5238E}.Release|Any CPU.Build.0 = Release|Any CPU
		{D1AD714E-416E-4993-9380-49F9F4FD81F9}.Debug|Any CPU.ActiveCfg = Debug|Any CPU
		{D1AD714E-416E-4993-9380-49F9F4FD81F9}.Debug|Any CPU.Build.0 = Debug|Any CPU
		{D1AD714E-416E-4993-9380-49F9F4FD81F9}.Release|Any CPU.ActiveCfg = Release|Any CPU
		{D1AD714E-416E-4993-9380-49F9F4FD81F9}.Release|Any CPU.Build.0 = Release|Any CPU
		{070B2427-BCA9-4F87-9E0C-6D3927E89BDF}.Debug|Any CPU.ActiveCfg = Debug|Any CPU
		{070B2427-BCA9-4F87-9E0C-6D3927E89BDF}.Debug|Any CPU.Build.0 = Debug|Any CPU
		{070B2427-BCA9-4F87-9E0C-6D3927E89BDF}.Release|Any CPU.ActiveCfg = Release|Any CPU
		{070B2427-BCA9-4F87-9E0C-6D3927E89BDF}.Release|Any CPU.Build.0 = Release|Any CPU
	EndGlobalSection
EndGlobal
